{
    "_readme": [
        "This file locks the dependencies of your project to a known state",
        "Read more about it at https://getcomposer.org/doc/01-basic-usage.md#installing-dependencies",
        "This file is @generated automatically"
    ],
    "content-hash": "1dbd0ea51e0927e452abc6248e45223b",
    "packages": [
        {
            "name": "ergebnis/phpstan-rules",
            "version": "2.13.1",
            "source": {
                "type": "git",
                "url": "https://github.com/ergebnis/phpstan-rules.git",
                "reference": "f69db86b98595c34fc1f61c89fe3b380141aa519"
            },
            "dist": {
                "type": "zip",
                "url": "https://api.github.com/repos/ergebnis/phpstan-rules/zipball/f69db86b98595c34fc1f61c89fe3b380141aa519",
                "reference": "f69db86b98595c34fc1f61c89fe3b380141aa519",
                "shasum": ""
            },
            "require": {
                "ext-mbstring": "*",
                "php": "~7.4.0 || ~8.0.0 || ~8.1.0 || ~8.2.0 || ~8.3.0 || ~8.4.0 || ~8.5.0",
                "phpstan/phpstan": "^2.1.35"
            },
            "require-dev": {
                "codeception/codeception": "^4.0.0 || ^5.0.0",
                "doctrine/orm": "^2.20.0 || ^3.3.0",
                "ergebnis/composer-normalize": "^2.49.0",
                "ergebnis/license": "^2.7.0",
                "ergebnis/php-cs-fixer-config": "^6.59.0",
                "ergebnis/phpunit-slow-test-detector": "^2.20.0",
                "fakerphp/faker": "^1.24.1",
                "phpstan/extension-installer": "^1.4.3",
                "phpstan/phpstan-deprecation-rules": "^2.0.3",
                "phpstan/phpstan-phpunit": "^2.0.12",
                "phpstan/phpstan-strict-rules": "^2.0.8",
                "phpunit/phpunit": "^9.6.21",
                "psr/container": "^2.0.2",
                "symfony/finder": "^5.4.45",
                "symfony/process": "^5.4.47"
            },
            "type": "phpstan-extension",
            "extra": {
                "phpstan": {
                    "includes": [
                        "rules.neon"
                    ]
                }
            },
            "autoload": {
                "psr-4": {
                    "Ergebnis\\PHPStan\\Rules\\": "src/"
                }
            },
            "notification-url": "https://packagist.org/downloads/",
            "license": [
                "MIT"
            ],
            "authors": [
                {
                    "name": "Andreas Möller",
                    "email": "am@localheinz.com",
                    "homepage": "https://localheinz.com"
                }
            ],
            "description": "Provides rules for phpstan/phpstan.",
            "homepage": "https://github.com/ergebnis/phpstan-rules",
            "keywords": [
                "PHPStan",
                "phpstan-rules"
            ],
            "support": {
                "issues": "https://github.com/ergebnis/phpstan-rules/issues",
                "security": "https://github.com/ergebnis/phpstan-rules/blob/main/.github/SECURITY.md",
                "source": "https://github.com/ergebnis/phpstan-rules"
            },
            "time": "2026-01-27T17:13:06+00:00"
        },
        {
            "name": "nette/utils",
            "version": "v4.0.6",
            "source": {
                "type": "git",
                "url": "https://github.com/nette/utils.git",
                "reference": "ce708655043c7050eb050df361c5e313cf708309"
            },
            "dist": {
                "type": "zip",
                "url": "https://api.github.com/repos/nette/utils/zipball/ce708655043c7050eb050df361c5e313cf708309",
                "reference": "ce708655043c7050eb050df361c5e313cf708309",
                "shasum": ""
            },
            "require": {
                "php": "8.0 - 8.4"
            },
            "conflict": {
                "nette/finder": "<3",
                "nette/schema": "<1.2.2"
            },
            "require-dev": {
                "jetbrains/phpstorm-attributes": "dev-master",
                "nette/tester": "^2.5",
                "phpstan/phpstan": "^1.0",
                "tracy/tracy": "^2.9"
            },
            "suggest": {
                "ext-gd": "to use Image",
                "ext-iconv": "to use Strings::webalize(), toAscii(), chr() and reverse()",
                "ext-intl": "to use Strings::webalize(), toAscii(), normalize() and compare()",
                "ext-json": "to use Nette\\Utils\\Json",
                "ext-mbstring": "to use Strings::lower() etc...",
                "ext-tokenizer": "to use Nette\\Utils\\Reflection::getUseStatements()"
            },
            "type": "library",
            "extra": {
                "branch-alias": {
                    "dev-master": "4.0-dev"
                }
            },
            "autoload": {
                "classmap": [
                    "src/"
                ]
            },
            "notification-url": "https://packagist.org/downloads/",
            "license": [
                "BSD-3-Clause",
                "GPL-2.0-only",
                "GPL-3.0-only"
            ],
            "authors": [
                {
                    "name": "David Grudl",
                    "homepage": "https://davidgrudl.com"
                },
                {
                    "name": "Nette Community",
                    "homepage": "https://nette.org/contributors"
                }
            ],
            "description": "🛠  Nette Utils: lightweight utilities for string & array manipulation, image handling, safe JSON encoding/decoding, validation, slug or strong password generating etc.",
            "homepage": "https://nette.org",
            "keywords": [
                "array",
                "core",
                "datetime",
                "images",
                "json",
                "nette",
                "paginator",
                "password",
                "slugify",
                "string",
                "unicode",
                "utf-8",
                "utility",
                "validation"
            ],
            "support": {
                "issues": "https://github.com/nette/utils/issues",
                "source": "https://github.com/nette/utils/tree/v4.0.6"
            },
            "time": "2025-03-30T21:06:30+00:00"
        },
        {
            "name": "php-parallel-lint/php-console-color",
            "version": "v1.0.1",
            "source": {
                "type": "git",
                "url": "https://github.com/php-parallel-lint/PHP-Console-Color.git",
                "reference": "7adfefd530aa2d7570ba87100a99e2483a543b88"
            },
            "dist": {
                "type": "zip",
                "url": "https://api.github.com/repos/php-parallel-lint/PHP-Console-Color/zipball/7adfefd530aa2d7570ba87100a99e2483a543b88",
                "reference": "7adfefd530aa2d7570ba87100a99e2483a543b88",
                "shasum": ""
            },
            "require": {
                "php": ">=5.3.2"
            },
            "replace": {
                "jakub-onderka/php-console-color": "*"
            },
            "require-dev": {
                "php-parallel-lint/php-code-style": "^2.0",
                "php-parallel-lint/php-parallel-lint": "^1.0",
                "php-parallel-lint/php-var-dump-check": "0.*",
                "phpunit/phpunit": "^4.8.36 || ^5.7.21 || ^6.0 || ^7.0 || ^8.0 || ^9.0"
            },
            "type": "library",
            "autoload": {
                "psr-4": {
                    "PHP_Parallel_Lint\\PhpConsoleColor\\": "src/"
                }
            },
            "notification-url": "https://packagist.org/downloads/",
            "license": [
                "BSD-2-Clause"
            ],
            "authors": [
                {
                    "name": "Jakub Onderka",
                    "email": "jakub.onderka@gmail.com"
                }
            ],
            "description": "Simple library for creating colored console ouput.",
            "support": {
                "issues": "https://github.com/php-parallel-lint/PHP-Console-Color/issues",
                "source": "https://github.com/php-parallel-lint/PHP-Console-Color/tree/v1.0.1"
            },
            "time": "2021-12-25T06:49:29+00:00"
        },
        {
            "name": "php-parallel-lint/php-console-highlighter",
            "version": "v1.0.0",
            "source": {
                "type": "git",
                "url": "https://github.com/php-parallel-lint/PHP-Console-Highlighter.git",
                "reference": "5b4803384d3303cf8e84141039ef56c8a123138d"
            },
            "dist": {
                "type": "zip",
                "url": "https://api.github.com/repos/php-parallel-lint/PHP-Console-Highlighter/zipball/5b4803384d3303cf8e84141039ef56c8a123138d",
                "reference": "5b4803384d3303cf8e84141039ef56c8a123138d",
                "shasum": ""
            },
            "require": {
                "ext-tokenizer": "*",
                "php": ">=5.3.2",
                "php-parallel-lint/php-console-color": "^1.0.1"
            },
            "replace": {
                "jakub-onderka/php-console-highlighter": "*"
            },
            "require-dev": {
                "php-parallel-lint/php-code-style": "^2.0",
                "php-parallel-lint/php-parallel-lint": "^1.0",
                "php-parallel-lint/php-var-dump-check": "0.*",
                "phpunit/phpunit": "^4.8.36 || ^5.7.21 || ^6.0 || ^7.0 || ^8.0 || ^9.0"
            },
            "type": "library",
            "autoload": {
                "psr-4": {
                    "PHP_Parallel_Lint\\PhpConsoleHighlighter\\": "src/"
                }
            },
            "notification-url": "https://packagist.org/downloads/",
            "license": [
                "MIT"
            ],
            "authors": [
                {
                    "name": "Jakub Onderka",
                    "email": "acci@acci.cz",
                    "homepage": "http://www.acci.cz/"
                }
            ],
            "description": "Highlight PHP code in terminal",
            "support": {
                "issues": "https://github.com/php-parallel-lint/PHP-Console-Highlighter/issues",
                "source": "https://github.com/php-parallel-lint/PHP-Console-Highlighter/tree/v1.0.0"
            },
            "time": "2022-02-18T08:23:19+00:00"
        },
        {
            "name": "phpstan/extension-installer",
            "version": "1.4.3",
            "source": {
                "type": "git",
                "url": "https://github.com/phpstan/extension-installer.git",
                "reference": "85e90b3942d06b2326fba0403ec24fe912372936"
            },
            "dist": {
                "type": "zip",
                "url": "https://api.github.com/repos/phpstan/extension-installer/zipball/85e90b3942d06b2326fba0403ec24fe912372936",
                "reference": "85e90b3942d06b2326fba0403ec24fe912372936",
                "shasum": ""
            },
            "require": {
                "composer-plugin-api": "^2.0",
                "php": "^7.2 || ^8.0",
                "phpstan/phpstan": "^1.9.0 || ^2.0"
            },
            "require-dev": {
                "composer/composer": "^2.0",
                "php-parallel-lint/php-parallel-lint": "^1.2.0",
                "phpstan/phpstan-strict-rules": "^0.11 || ^0.12 || ^1.0"
            },
            "type": "composer-plugin",
            "extra": {
                "class": "PHPStan\\ExtensionInstaller\\Plugin"
            },
            "autoload": {
                "psr-4": {
                    "PHPStan\\ExtensionInstaller\\": "src/"
                }
            },
            "notification-url": "https://packagist.org/downloads/",
            "license": [
                "MIT"
            ],
            "description": "Composer plugin for automatic installation of PHPStan extensions",
            "keywords": [
                "dev",
                "static analysis"
            ],
            "support": {
                "issues": "https://github.com/phpstan/extension-installer/issues",
                "source": "https://github.com/phpstan/extension-installer/tree/1.4.3"
            },
            "time": "2024-09-04T20:21:43+00:00"
        },
        {
            "name": "phpstan/phpstan",
            "version": "2.1.54",
            "dist": {
                "type": "zip",
                "url": "https://api.github.com/repos/phpstan/phpstan/zipball/8be50c3992107dc837b17da4d140fbbdf9a5c5bd",
                "reference": "8be50c3992107dc837b17da4d140fbbdf9a5c5bd",
                "shasum": ""
            },
            "require": {
                "php": "^7.4|^8.0"
            },
            "conflict": {
                "phpstan/phpstan-shim": "*"
            },
            "bin": [
                "phpstan",
                "phpstan.phar"
            ],
            "type": "library",
            "autoload": {
                "files": [
                    "bootstrap.php"
                ]
            },
            "notification-url": "https://packagist.org/downloads/",
            "license": [
                "MIT"
            ],
            "description": "PHPStan - PHP Static Analysis Tool",
            "keywords": [
                "dev",
                "static analysis"
            ],
            "support": {
                "docs": "https://phpstan.org/user-guide/getting-started",
                "forum": "https://github.com/phpstan/phpstan/discussions",
                "issues": "https://github.com/phpstan/phpstan/issues",
                "security": "https://github.com/phpstan/phpstan/security/policy",
                "source": "https://github.com/phpstan/phpstan-src"
            },
            "funding": [
                {
                    "url": "https://github.com/ondrejmirtes",
                    "type": "github"
                },
                {
                    "url": "https://github.com/phpstan",
                    "type": "github"
                }
            ],
            "time": "2026-04-29T13:31:09+00:00"
        },
        {
            "name": "phpstan/phpstan-deprecation-rules",
            "version": "2.0.4",
            "source": {
                "type": "git",
                "url": "https://github.com/phpstan/phpstan-deprecation-rules.git",
                "reference": "6b5571001a7f04fa0422254c30a0017ec2f2cacc"
            },
            "dist": {
                "type": "zip",
                "url": "https://api.github.com/repos/phpstan/phpstan-deprecation-rules/zipball/6b5571001a7f04fa0422254c30a0017ec2f2cacc",
                "reference": "6b5571001a7f04fa0422254c30a0017ec2f2cacc",
                "shasum": ""
            },
            "require": {
                "php": "^7.4 || ^8.0",
                "phpstan/phpstan": "^2.1.39"
            },
            "require-dev": {
                "php-parallel-lint/php-parallel-lint": "^1.2",
                "phpstan/phpstan-phpunit": "^2.0",
                "phpunit/phpunit": "^9.6"
            },
            "type": "phpstan-extension",
            "extra": {
                "phpstan": {
                    "includes": [
                        "rules.neon"
                    ]
                }
            },
            "autoload": {
                "psr-4": {
                    "PHPStan\\": "src/"
                }
            },
            "notification-url": "https://packagist.org/downloads/",
            "license": [
                "MIT"
            ],
            "description": "PHPStan rules for detecting usage of deprecated classes, methods, properties, constants and traits.",
            "keywords": [
                "static analysis"
            ],
            "support": {
                "issues": "https://github.com/phpstan/phpstan-deprecation-rules/issues",
                "source": "https://github.com/phpstan/phpstan-deprecation-rules/tree/2.0.4"
            },
            "time": "2026-02-09T13:21:14+00:00"
        },
        {
            "name": "phpstan/phpstan-mockery",
            "version": "2.0.0",
            "source": {
                "type": "git",
                "url": "https://github.com/phpstan/phpstan-mockery.git",
                "reference": "89a949d0ac64298e88b7c7fa00caee565c198394"
            },
            "dist": {
                "type": "zip",
                "url": "https://api.github.com/repos/phpstan/phpstan-mockery/zipball/89a949d0ac64298e88b7c7fa00caee565c198394",
                "reference": "89a949d0ac64298e88b7c7fa00caee565c198394",
                "shasum": ""
            },
            "require": {
                "php": "^7.4 || ^8.0",
                "phpstan/phpstan": "^2.0"
            },
            "require-dev": {
                "mockery/mockery": "^1.6.11",
                "php-parallel-lint/php-parallel-lint": "^1.2",
                "phpstan/phpstan-phpunit": "^2.0",
                "phpstan/phpstan-strict-rules": "^2.0",
                "phpunit/phpunit": "^9.6"
            },
            "type": "phpstan-extension",
            "extra": {
                "phpstan": {
                    "includes": [
                        "extension.neon"
                    ]
                }
            },
            "autoload": {
                "psr-4": {
                    "PHPStan\\": "src/"
                }
            },
            "notification-url": "https://packagist.org/downloads/",
            "license": [
                "MIT"
            ],
            "description": "PHPStan Mockery extension",
            "support": {
                "issues": "https://github.com/phpstan/phpstan-mockery/issues",
                "source": "https://github.com/phpstan/phpstan-mockery/tree/2.0.0"
            },
            "time": "2024-10-14T03:18:12+00:00"
        },
        {
            "name": "phpstan/phpstan-phpunit",
            "version": "2.0.16",
            "source": {
                "type": "git",
                "url": "https://github.com/phpstan/phpstan-phpunit.git",
                "reference": "6ab598e1bc106e6827fd346ae4a12b4a5d634c32"
            },
            "dist": {
                "type": "zip",
                "url": "https://api.github.com/repos/phpstan/phpstan-phpunit/zipball/6ab598e1bc106e6827fd346ae4a12b4a5d634c32",
                "reference": "6ab598e1bc106e6827fd346ae4a12b4a5d634c32",
                "shasum": ""
            },
            "require": {
                "php": "^7.4 || ^8.0",
                "phpstan/phpstan": "^2.1.32"
            },
            "conflict": {
                "phpunit/phpunit": "<7.0"
            },
            "require-dev": {
                "nikic/php-parser": "^5",
                "php-parallel-lint/php-parallel-lint": "^1.2",
                "phpstan/phpstan-deprecation-rules": "^2.0",
                "phpstan/phpstan-strict-rules": "^2.0",
                "phpunit/phpunit": "^9.6"
            },
            "type": "phpstan-extension",
            "extra": {
                "phpstan": {
                    "includes": [
                        "extension.neon",
                        "rules.neon"
                    ]
                }
            },
            "autoload": {
                "psr-4": {
                    "PHPStan\\": "src/"
                }
            },
            "notification-url": "https://packagist.org/downloads/",
            "license": [
                "MIT"
            ],
            "description": "PHPUnit extensions and rules for PHPStan",
            "keywords": [
                "static analysis"
            ],
            "support": {
                "issues": "https://github.com/phpstan/phpstan-phpunit/issues",
                "source": "https://github.com/phpstan/phpstan-phpunit/tree/2.0.16"
            },
            "time": "2026-02-14T09:05:21+00:00"
        },
        {
            "name": "phpstan/phpstan-strict-rules",
            "version": "2.0.10",
            "source": {
                "type": "git",
                "url": "https://github.com/phpstan/phpstan-strict-rules.git",
                "reference": "1aba28b697c1e3b6bbec8a1725f8b11b6d3e5a5f"
            },
            "dist": {
                "type": "zip",
                "url": "https://api.github.com/repos/phpstan/phpstan-strict-rules/zipball/1aba28b697c1e3b6bbec8a1725f8b11b6d3e5a5f",
                "reference": "1aba28b697c1e3b6bbec8a1725f8b11b6d3e5a5f",
                "shasum": ""
            },
            "require": {
                "php": "^7.4 || ^8.0",
                "phpstan/phpstan": "^2.1.39"
            },
            "require-dev": {
                "php-parallel-lint/php-parallel-lint": "^1.2",
                "phpstan/phpstan-deprecation-rules": "^2.0",
                "phpstan/phpstan-phpunit": "^2.0",
                "phpunit/phpunit": "^9.6"
            },
            "type": "phpstan-extension",
            "extra": {
                "phpstan": {
                    "includes": [
                        "rules.neon"
                    ]
                }
            },
            "autoload": {
                "psr-4": {
                    "PHPStan\\": "src/"
                }
            },
            "notification-url": "https://packagist.org/downloads/",
            "license": [
                "MIT"
            ],
            "description": "Extra strict and opinionated rules for PHPStan",
            "keywords": [
                "static analysis"
            ],
            "support": {
                "issues": "https://github.com/phpstan/phpstan-strict-rules/issues",
                "source": "https://github.com/phpstan/phpstan-strict-rules/tree/2.0.10"
            },
            "time": "2026-02-11T14:17:32+00:00"
        },
        {
            "name": "psr/log",
            "version": "3.0.2",
            "source": {
                "type": "git",
                "url": "https://github.com/php-fig/log.git",
                "reference": "f16e1d5863e37f8d8c2a01719f5b34baa2b714d3"
            },
            "dist": {
                "type": "zip",
                "url": "https://api.github.com/repos/php-fig/log/zipball/f16e1d5863e37f8d8c2a01719f5b34baa2b714d3",
                "reference": "f16e1d5863e37f8d8c2a01719f5b34baa2b714d3",
                "shasum": ""
            },
            "require": {
                "php": ">=8.0.0"
            },
            "type": "library",
            "extra": {
                "branch-alias": {
                    "dev-master": "3.x-dev"
                }
            },
            "autoload": {
                "psr-4": {
                    "Psr\\Log\\": "src"
                }
            },
            "notification-url": "https://packagist.org/downloads/",
            "license": [
                "MIT"
            ],
            "authors": [
                {
                    "name": "PHP-FIG",
                    "homepage": "https://www.php-fig.org/"
                }
            ],
            "description": "Common interface for logging libraries",
            "homepage": "https://github.com/php-fig/log",
            "keywords": [
                "log",
                "psr",
                "psr-3"
            ],
            "support": {
                "source": "https://github.com/php-fig/log/tree/3.0.2"
            },
            "time": "2024-09-11T13:17:53+00:00"
        },
        {
            "name": "shipmonk/dead-code-detector",
            "version": "1.1.0",
            "source": {
                "type": "git",
                "url": "https://github.com/shipmonk-rnd/dead-code-detector.git",
                "reference": "bb6d5c90bff7c72dee7a6ef978668b7603a198ae"
            },
            "dist": {
                "type": "zip",
                "url": "https://api.github.com/repos/shipmonk-rnd/dead-code-detector/zipball/bb6d5c90bff7c72dee7a6ef978668b7603a198ae",
                "reference": "bb6d5c90bff7c72dee7a6ef978668b7603a198ae",
                "shasum": ""
            },
            "require": {
                "php": "^8.1",
                "phpstan/phpstan": "^2.1.41"
            },
            "require-dev": {
                "behat/behat": "^3.14",
                "composer-runtime-api": "^2.0",
                "composer/semver": "^3.4",
                "doctrine/orm": "^2.19 || ^3.0",
                "editorconfig-checker/editorconfig-checker": "^10.7.0",
                "ergebnis/composer-normalize": "^2.48.1",
                "laravel/framework": "^10.0 || ^11.0 || ^12.0",
                "nette/application": "^3.1",
                "nette/component-model": "^3.0",
                "nette/tester": "^2.4",
                "nette/utils": "^3.0 || ^4.0",
                "nikic/php-parser": "^5.4.0",
                "phpbench/phpbench": "^1.2",
                "phpstan/phpstan-phpunit": "^2.0.16",
                "phpstan/phpstan-strict-rules": "^2.0.10",
                "phpstan/phpstan-symfony": "^2.0.15",
                "phpunit/phpcov": "^9.0.2",
                "phpunit/phpunit": "^10.5.46",
                "shipmonk/coding-standard": "^0.2.2",
                "shipmonk/composer-dependency-analyser": "^1.8.4",
                "shipmonk/coverage-guard": "^1.0.2",
                "shipmonk/name-collision-detector": "^2.1.1",
                "shipmonk/phpstan-dev": "^0.1.6",
                "shipmonk/phpstan-rules": "^4.3.6",
                "symfony/contracts": "^2.5 || ^3.0 || ^4.0",
                "symfony/dependency-injection": "^5.4 || ^6.0 || ^7.0 || ^8.0",
                "symfony/doctrine-bridge": "^5.4 || ^6.0 || ^7.0 || ^8.0",
                "symfony/event-dispatcher": "^5.4 || ^6.0 || ^7.0 || ^8.0",
                "symfony/form": "^5.4 || ^6.0 || ^7.0 || ^8.0",
                "symfony/framework-bundle": "^5.4 || ^6.0 || ^7.0 || ^8.0",
                "symfony/http-kernel": "^5.4 || ^6.0 || ^7.0 || ^8.0",
                "symfony/routing": "^5.4 || ^6.0 || ^7.0 || ^8.0",
                "symfony/scheduler": "^6.3 || ^7.0 || ^8.0",
                "symfony/ux-live-component": "^2.34",
                "symfony/ux-twig-component": "^2.34",
                "symfony/validator": "^5.4 || ^6.0 || ^7.0 || ^8.0",
                "twig/twig": "^3.0"
            },
            "type": "phpstan-extension",
            "extra": {
                "phpstan": {
                    "includes": [
                        "rules.neon"
                    ]
                }
            },
            "autoload": {
                "psr-4": {
                    "ShipMonk\\PHPStan\\DeadCode\\": "src/"
                }
            },
            "notification-url": "https://packagist.org/downloads/",
            "license": [
                "MIT"
            ],
            "description": "Dead code detector to find unused PHP code via PHPStan extension. Can automatically remove dead PHP code. Supports libraries like Symfony, Doctrine, PHPUnit etc. Detects dead cycles. Can detect dead code that is tested.",
            "keywords": [
                "PHPStan",
                "dead code",
                "static analysis",
                "unused code"
            ],
            "support": {
                "issues": "https://github.com/shipmonk-rnd/dead-code-detector/issues",
                "source": "https://github.com/shipmonk-rnd/dead-code-detector/tree/1.1.0"
            },
            "time": "2026-04-17T10:05:26+00:00"
        },
        {
            "name": "shipmonk/phpstan-rules",
            "version": "4.3.7",
            "source": {
                "type": "git",
                "url": "https://github.com/shipmonk-rnd/phpstan-rules.git",
                "reference": "a46689f9179206f1edcfe078bcec6fc1ec5bf202"
            },
            "dist": {
                "type": "zip",
                "url": "https://api.github.com/repos/shipmonk-rnd/phpstan-rules/zipball/a46689f9179206f1edcfe078bcec6fc1ec5bf202",
                "reference": "a46689f9179206f1edcfe078bcec6fc1ec5bf202",
                "shasum": ""
            },
            "require": {
                "php": "^7.4 || ^8.0",
                "phpstan/phpstan": "^2.1.32"
            },
            "require-dev": {
                "editorconfig-checker/editorconfig-checker": "^10.6.0",
                "ergebnis/composer-normalize": "^2.45.0",
                "phpstan/phpstan-deprecation-rules": "^2.0.1",
                "phpstan/phpstan-phpunit": "^2.0.4",
                "phpstan/phpstan-strict-rules": "^2.0.3",
                "phpunit/phpunit": "^9.6.33",
                "shipmonk/coding-standard": "^0.2.0",
                "shipmonk/composer-dependency-analyser": "^1.8.1",
                "shipmonk/coverage-guard": "^1.0.0",
                "shipmonk/dead-code-detector": "^0.9.0",
                "shipmonk/name-collision-detector": "^2.1.1",
                "shipmonk/phpstan-dev": "^0.1.5"
            },
            "type": "phpstan-extension",
            "extra": {
                "phpstan": {
                    "includes": [
                        "rules.neon"
                    ]
                }
            },
            "autoload": {
                "psr-4": {
                    "ShipMonk\\PHPStan\\": "src/"
                }
            },
            "notification-url": "https://packagist.org/downloads/",
            "license": [
                "MIT"
            ],
            "description": "Various extra strict PHPStan rules we found useful in ShipMonk.",
            "keywords": [
                "PHPStan",
                "static analysis"
            ],
            "support": {
                "issues": "https://github.com/shipmonk-rnd/phpstan-rules/issues",
                "source": "https://github.com/shipmonk-rnd/phpstan-rules/tree/4.3.7"
            },
            "time": "2026-04-07T07:56:34+00:00"
        },
        {
            "name": "staabm/phpstan-psr3",
            "version": "1.0.3",
            "source": {
                "type": "git",
                "url": "https://github.com/staabm/phpstan-psr3.git",
                "reference": "eb28b6f4cde754a8950547d633fc983cbfc59651"
            },
            "dist": {
                "type": "zip",
                "url": "https://api.github.com/repos/staabm/phpstan-psr3/zipball/eb28b6f4cde754a8950547d633fc983cbfc59651",
                "reference": "eb28b6f4cde754a8950547d633fc983cbfc59651",
                "shasum": ""
            },
            "require": {
                "php": "^7.4 || ^8.0",
                "phpstan/phpstan": "^2.0",
                "psr/log": "^1.0 || ^2.0 || ^3.0"
            },
            "require-dev": {
                "illuminate/log": "^8 || ^9 || ^10 || ^11 || ^12",
                "illuminate/support": "^8 || ^9 || ^10 || ^11 || ^12",
                "monolog/monolog": "^2 || ^3.9",
                "php-parallel-lint/php-parallel-lint": "^1.4",
                "phpstan/extension-installer": "^1.4.3",
                "phpstan/phpstan-deprecation-rules": "^2.0.1",
                "phpstan/phpstan-phpunit": "^2.0.6",
                "phpstan/phpstan-strict-rules": "^2.0.4",
                "phpunit/phpunit": "^9 || ^10.5.45",
                "redaxo/source": "^5",
                "symplify/easy-coding-standard": "^12.5.11",
                "tomasvotruba/unused-public": "^2.0.1"
            },
            "type": "phpstan-extension",
            "extra": {
                "phpstan": {
                    "includes": [
                        "config/extension.neon"
                    ]
                }
            },
            "autoload": {
                "psr-4": {
                    "staabm\\PHPStanPsr3\\": "src/"
                }
            },
            "notification-url": "https://packagist.org/downloads/",
            "license": [
                "MIT"
            ],
            "keywords": [
                "PHPStan",
                "dev",
                "monolog",
                "phpstan-extension",
                "psr-3",
                "psr-log",
                "static analysis"
            ],
            "support": {
                "issues": "https://github.com/staabm/phpstan-psr3/issues",
                "source": "https://github.com/staabm/phpstan-psr3/tree/1.0.3"
            },
            "funding": [
                {
                    "url": "https://github.com/staabm",
                    "type": "github"
                }
            ],
            "time": "2025-04-22T16:20:54+00:00"
        },
        {
            "name": "symplify/phpstan-extensions",
            "version": "12.0.2",
            "source": {
                "type": "git",
                "url": "https://github.com/symplify/phpstan-extensions.git",
                "reference": "5ce15cb084eb3bc7f92b77020c59ff3d318746d5"
            },
            "dist": {
                "type": "zip",
                "url": "https://api.github.com/repos/symplify/phpstan-extensions/zipball/5ce15cb084eb3bc7f92b77020c59ff3d318746d5",
                "reference": "5ce15cb084eb3bc7f92b77020c59ff3d318746d5",
                "shasum": ""
            },
            "require": {
                "php": "^7.4 || ^8.0",
                "phpstan/phpstan": "^2.0"
            },
            "type": "phpstan-extension",
            "extra": {
                "phpstan": {
                    "includes": [
                        "config/config.neon"
                    ]
                }
            },
            "autoload": {
                "psr-4": {
                    "Symplify\\PHPStanExtensions\\": "src"
                }
            },
            "notification-url": "https://packagist.org/downloads/",
            "license": [
                "MIT"
            ],
            "description": "Pre-escaped error messages in 'symplify' error format, container aware test case and other useful extensions for PHPStan",
            "keywords": [
                "phpstan-extension",
                "static analysis"
            ],
            "support": {
                "issues": "https://github.com/symplify/phpstan-extensions/issues",
                "source": "https://github.com/symplify/phpstan-extensions/tree/12.0.2"
            },
            "funding": [
                {
                    "url": "https://www.paypal.me/rectorphp",
                    "type": "custom"
                },
                {
                    "url": "https://github.com/tomasvotruba",
                    "type": "github"
                }
            ],
            "time": "2025-11-12T16:46:04+00:00"
        },
        {
            "name": "tomasvotruba/type-coverage",
            "version": "2.1.0",
            "source": {
                "type": "git",
                "url": "https://github.com/TomasVotruba/type-coverage.git",
                "reference": "468354b3964120806a69890cbeb3fcf005876391"
            },
            "dist": {
                "type": "zip",
                "url": "https://api.github.com/repos/TomasVotruba/type-coverage/zipball/468354b3964120806a69890cbeb3fcf005876391",
                "reference": "468354b3964120806a69890cbeb3fcf005876391",
                "shasum": ""
            },
            "require": {
                "nette/utils": "^3.2 || ^4.0",
                "php": "^7.4 || ^8.0",
                "phpstan/phpstan": "^2.0"
            },
            "type": "phpstan-extension",
            "extra": {
                "phpstan": {
                    "includes": [
                        "config/extension.neon"
                    ]
                }
            },
            "autoload": {
                "psr-4": {
                    "TomasVotruba\\TypeCoverage\\": "src"
                }
            },
            "notification-url": "https://packagist.org/downloads/",
            "license": [
                "MIT"
            ],
            "description": "Measure type coverage of your project",
            "keywords": [
                "phpstan-extension",
                "static analysis"
            ],
            "support": {
                "issues": "https://github.com/TomasVotruba/type-coverage/issues",
                "source": "https://github.com/TomasVotruba/type-coverage/tree/2.1.0"
            },
            "funding": [
                {
                    "url": "https://www.paypal.me/rectorphp",
                    "type": "custom"
                },
                {
                    "url": "https://github.com/tomasvotruba",
                    "type": "github"
                }
            ],
            "time": "2025-12-05T16:38:02+00:00"
        },
        {
            "name": "yamadashy/phpstan-friendly-formatter",
            "version": "v1.4.0",
            "source": {
                "type": "git",
                "url": "https://github.com/yamadashy/phpstan-friendly-formatter.git",
                "reference": "cd4882c7293591c13230b5be35e742b33d2ab2ff"
            },
            "dist": {
                "type": "zip",
                "url": "https://api.github.com/repos/yamadashy/phpstan-friendly-formatter/zipball/cd4882c7293591c13230b5be35e742b33d2ab2ff",
                "reference": "cd4882c7293591c13230b5be35e742b33d2ab2ff",
                "shasum": ""
            },
            "require": {
                "php": "^8.1",
                "php-parallel-lint/php-console-highlighter": "^0.3 || ^0.4 || ^0.5 || ^1.0",
                "phpstan/phpstan": "^1.0 || ^2.0"
            },
            "require-dev": {
                "friendsofphp/php-cs-fixer": "^3.93.0",
                "phpstan/phpstan-phpunit": "^2.0.12",
                "phpunit/phpunit": "^10.0 || ^11.0"
            },
            "type": "phpstan-extension",
            "extra": {
                "phpstan": {
                    "includes": [
                        "extension.neon"
                    ]
                }
            },
            "autoload": {
                "psr-4": {
                    "Yamadashy\\PhpStanFriendlyFormatter\\": "src/"
                }
            },
            "notification-url": "https://packagist.org/downloads/",
            "license": [
                "MIT"
            ],
            "authors": [
                {
                    "name": "Kazuki Yamada",
                    "email": "koukun0120@gmail.com"
                }
            ],
            "description": "Simple error formatter for PHPStan that display code frame",
            "keywords": [
                "PHPStan",
                "package",
                "php",
                "static analysis"
            ],
            "support": {
                "issues": "https://github.com/yamadashy/phpstan-friendly-formatter/issues",
                "source": "https://github.com/yamadashy/phpstan-friendly-formatter/tree/v1.4.0"
            },
            "time": "2026-01-26T15:12:47+00:00"
        }
    ],
    "packages-dev": [],
    "aliases": [],
    "minimum-stability": "stable",
    "stability-flags": {},
    "prefer-stable": false,
    "prefer-lowest": false,
    "platform": {
        "php": "^8.4"
    },
    "platform-dev": {},
    "plugin-api-version": "2.9.0"
}
