{
    "_readme": [
        "This file locks the dependencies of your project to a known state",
        "Read more about it at https://getcomposer.org/doc/01-basic-usage.md#installing-dependencies",
        "This file is @generated automatically"
    ],
    "content-hash": "3b77380e63e1242ba20e0036d48d51dd",
    "packages": [
        {
            "name": "ergebnis/phpstan-rules",
            "version": "0.14.2",
            "source": {
                "type": "git",
                "url": "https://github.com/ergebnis/phpstan-rules.git",
                "reference": "e6cf7e74b17e29a54dd85ed1d18f52ec113eaa8e"
            },
            "dist": {
                "type": "zip",
                "url": "https://api.github.com/repos/ergebnis/phpstan-rules/zipball/e6cf7e74b17e29a54dd85ed1d18f52ec113eaa8e",
                "reference": "e6cf7e74b17e29a54dd85ed1d18f52ec113eaa8e",
                "shasum": ""
            },
            "require": {
                "ext-mbstring": "*",
                "nikic/php-parser": "^4.2.3",
                "php": "^7.1",
                "phpstan/phpstan": "~0.11.15 || ~0.12.0"
            },
            "require-dev": {
                "ergebnis/composer-normalize": "^1.3.1",
                "ergebnis/php-cs-fixer-config": "~1.1.2",
                "ergebnis/test-util": "~0.9.1",
                "infection/infection": "~0.13.6",
                "nette/di": "^3.0.1",
                "phpstan/phpstan-deprecation-rules": "~0.11.2",
                "phpstan/phpstan-strict-rules": "~0.11.1",
                "phpunit/phpunit": "^7.5.18",
                "psr/container": "^1.0.0",
                "zendframework/zend-servicemanager": "^2.0.0"
            },
            "type": "phpstan-extension",
            "extra": {
                "phpstan": {
                    "includes": [
                        "rules.neon"
                    ]
                }
            },
            "autoload": {
                "psr-4": {
                    "Ergebnis\\PHPStan\\Rules\\": "src/"
                }
            },
            "notification-url": "https://packagist.org/downloads/",
            "license": [
                "MIT"
            ],
            "authors": [
                {
                    "name": "Andreas Möller",
                    "email": "am@localheinz.com"
                }
            ],
            "description": "Provides additional rules for phpstan/phpstan.",
            "homepage": "https://github.com/ergebnis/phpstan-rules",
            "keywords": [
                "PHPStan",
                "phpstan-extreme-rules",
                "phpstan-rules"
            ],
            "time": "2019-12-19T10:25:17+00:00"
        },
        {
            "name": "jangregor/phpstan-prophecy",
            "version": "0.6.0",
            "source": {
                "type": "git",
                "url": "https://github.com/Jan0707/phpstan-prophecy.git",
                "reference": "542c8ed7228af772562fb0f370d15ec73e3bdecf"
            },
            "dist": {
                "type": "zip",
                "url": "https://api.github.com/repos/Jan0707/phpstan-prophecy/zipball/542c8ed7228af772562fb0f370d15ec73e3bdecf",
                "reference": "542c8ed7228af772562fb0f370d15ec73e3bdecf",
                "shasum": ""
            },
            "require": {
                "php": "^7.1",
                "phpstan/phpstan": "^0.12.0"
            },
            "conflict": {
                "phpspec/prophecy": "<1.7,>=2.0",
                "phpunit/phpunit": "<6.0,>=9.0"
            },
            "require-dev": {
                "ergebnis/composer-normalize": "^2.1.1",
                "ergebnis/php-cs-fixer-config": "~1.1.2",
                "phpspec/prophecy": "^1.7",
                "phpunit/phpunit": "^6.0 || ^7.0"
            },
            "type": "phpstan-extension",
            "extra": {
                "phpstan": {
                    "includes": [
                        "src/extension.neon"
                    ]
                },
                "violinist": {
                    "allow_updates_beyond_constraint": 0,
                    "one_pull_request_per_package": 1,
                    "update_with_dependencies": 1
                }
            },
            "autoload": {
                "psr-4": {
                    "JanGregor\\Prophecy\\": "src/"
                }
            },
            "notification-url": "https://packagist.org/downloads/",
            "license": [
                "MIT"
            ],
            "authors": [
                {
                    "name": "Jan Gregor Emge-Triebel",
                    "email": "jan@jangregor.me"
                }
            ],
            "description": "Provides a phpstan/phpstan extension for phpspec/prophecy",
            "time": "2019-12-27T23:57:21+00:00"
        },
        {
            "name": "nikic/php-parser",
            "version": "v4.3.0",
            "source": {
                "type": "git",
                "url": "https://github.com/nikic/PHP-Parser.git",
                "reference": "9a9981c347c5c49d6dfe5cf826bb882b824080dc"
            },
            "dist": {
                "type": "zip",
                "url": "https://api.github.com/repos/nikic/PHP-Parser/zipball/9a9981c347c5c49d6dfe5cf826bb882b824080dc",
                "reference": "9a9981c347c5c49d6dfe5cf826bb882b824080dc",
                "shasum": ""
            },
            "require": {
                "ext-tokenizer": "*",
                "php": ">=7.0"
            },
            "require-dev": {
                "ircmaxell/php-yacc": "0.0.5",
                "phpunit/phpunit": "^6.5 || ^7.0 || ^8.0"
            },
            "bin": [
                "bin/php-parse"
            ],
            "type": "library",
            "extra": {
                "branch-alias": {
                    "dev-master": "4.3-dev"
                }
            },
            "autoload": {
                "psr-4": {
                    "PhpParser\\": "lib/PhpParser"
                }
            },
            "notification-url": "https://packagist.org/downloads/",
            "license": [
                "BSD-3-Clause"
            ],
            "authors": [
                {
                    "name": "Nikita Popov"
                }
            ],
            "description": "A PHP parser written in PHP",
            "keywords": [
                "parser",
                "php"
            ],
            "time": "2019-11-08T13:50:10+00:00"
        },
        {
            "name": "pepakriz/phpstan-exception-rules",
            "version": "v0.10.1",
            "source": {
                "type": "git",
                "url": "https://github.com/pepakriz/phpstan-exception-rules.git",
                "reference": "7073711906e22509cbfacbca0a914e0f8ff2e6c8"
            },
            "dist": {
                "type": "zip",
                "url": "https://api.github.com/repos/pepakriz/phpstan-exception-rules/zipball/7073711906e22509cbfacbca0a914e0f8ff2e6c8",
                "reference": "7073711906e22509cbfacbca0a914e0f8ff2e6c8",
                "shasum": ""
            },
            "require": {
                "php": "^7.1",
                "phpstan/phpstan": "^0.12.0"
            },
            "require-dev": {
                "jakub-onderka/php-console-highlighter": "0.4.0",
                "jakub-onderka/php-parallel-lint": "1.0.0",
                "nette/utils": "^3.0",
                "php-coveralls/php-coveralls": "^2.1",
                "phpstan/phpstan": "^0.12.0",
                "phpstan/phpstan-nette": "^0.12.0",
                "phpstan/phpstan-phpunit": "^0.12.0",
                "phpstan/phpstan-strict-rules": "^0.12.0",
                "phpunit/phpunit": "^7.5.6",
                "slevomat/coding-standard": "^5.0.4",
                "squizlabs/php_codesniffer": "~3.5.2"
            },
            "type": "phpstan-extension",
            "extra": {
                "branch-alias": {
                    "dev-master": "0.10-dev"
                },
                "phpstan": {
                    "includes": [
                        "extension.neon"
                    ]
                }
            },
            "autoload": {
                "psr-4": {
                    "Pepakriz\\PHPStanExceptionRules\\": "src"
                }
            },
            "notification-url": "https://packagist.org/downloads/",
            "license": [
                "MIT"
            ],
            "description": "Exception rules for PHPStan",
            "time": "2019-12-09T06:14:56+00:00"
        },
        {
            "name": "phpstan/phpstan",
            "version": "0.12.7",
            "source": {
                "type": "git",
                "url": "https://github.com/phpstan/phpstan.git",
                "reference": "07fa7958027fd98c567099bbcda5d6a0f2ec5197"
            },
            "dist": {
                "type": "zip",
                "url": "https://api.github.com/repos/phpstan/phpstan/zipball/07fa7958027fd98c567099bbcda5d6a0f2ec5197",
                "reference": "07fa7958027fd98c567099bbcda5d6a0f2ec5197",
                "shasum": ""
            },
            "require": {
                "php": "^7.1"
            },
            "bin": [
                "phpstan",
                "phpstan.phar"
            ],
            "type": "library",
            "extra": {
                "branch-alias": {
                    "dev-master": "0.12-dev"
                }
            },
            "autoload": {
                "files": [
                    "bootstrap.php"
                ]
            },
            "notification-url": "https://packagist.org/downloads/",
            "license": [
                "MIT"
            ],
            "description": "PHPStan - PHP Static Analysis Tool",
            "time": "2020-01-20T21:59:06+00:00"
        },
        {
            "name": "phpstan/phpstan-deprecation-rules",
            "version": "0.12.2",
            "source": {
                "type": "git",
                "url": "https://github.com/phpstan/phpstan-deprecation-rules.git",
                "reference": "51d21a83b97e539e1fc56c1ce42ac0f187407fb6"
            },
            "dist": {
                "type": "zip",
                "url": "https://api.github.com/repos/phpstan/phpstan-deprecation-rules/zipball/51d21a83b97e539e1fc56c1ce42ac0f187407fb6",
                "reference": "51d21a83b97e539e1fc56c1ce42ac0f187407fb6",
                "shasum": ""
            },
            "require": {
                "php": "~7.1",
                "phpstan/phpstan": "^0.12"
            },
            "require-dev": {
                "consistence/coding-standard": "^3.0.1",
                "dealerdirect/phpcodesniffer-composer-installer": "^0.4.4",
                "jakub-onderka/php-parallel-lint": "^1.0",
                "localheinz/composer-normalize": "^1.3.0",
                "phing/phing": "^2.16.0",
                "phpstan/phpstan-phpunit": "^0.12",
                "phpunit/phpunit": "^7.0",
                "slevomat/coding-standard": "^4.5.2"
            },
            "type": "phpstan-extension",
            "extra": {
                "branch-alias": {
                    "dev-master": "0.12-dev"
                },
                "phpstan": {
                    "includes": [
                        "rules.neon"
                    ]
                }
            },
            "autoload": {
                "psr-4": {
                    "PHPStan\\": "src/"
                }
            },
            "notification-url": "https://packagist.org/downloads/",
            "license": [
                "MIT"
            ],
            "description": "PHPStan rules for detecting usage of deprecated classes, methods, properties, constants and traits.",
            "time": "2020-01-12T16:25:40+00:00"
        },
        {
            "name": "phpstan/phpstan-php-parser",
            "version": "0.12.1",
            "source": {
                "type": "git",
                "url": "https://github.com/phpstan/phpstan-php-parser.git",
                "reference": "87daf8e321594872f377f9686c072b6f715cc13f"
            },
            "dist": {
                "type": "zip",
                "url": "https://api.github.com/repos/phpstan/phpstan-php-parser/zipball/87daf8e321594872f377f9686c072b6f715cc13f",
                "reference": "87daf8e321594872f377f9686c072b6f715cc13f",
                "shasum": ""
            },
            "require": {
                "php": "~7.1",
                "phpstan/phpstan": "^0.12"
            },
            "require-dev": {
                "consistence/coding-standard": "^3.0.1",
                "dealerdirect/phpcodesniffer-composer-installer": "^0.4.4",
                "ergebnis/composer-normalize": "^2.0.2",
                "jakub-onderka/php-parallel-lint": "^1.0",
                "phing/phing": "^2.16.0",
                "phpstan/phpstan-phpunit": "^0.12",
                "phpstan/phpstan-strict-rules": "^0.12",
                "phpunit/phpunit": "^7.0",
                "slevomat/coding-standard": "^4.5.2"
            },
            "type": "phpstan-extension",
            "extra": {
                "branch-alias": {
                    "dev-master": "0.12-dev"
                },
                "phpstan": {
                    "includes": [
                        "extension.neon"
                    ]
                }
            },
            "autoload": {
                "psr-4": {
                    "PHPStan\\": "src/"
                }
            },
            "notification-url": "https://packagist.org/downloads/",
            "license": [
                "MIT"
            ],
            "description": "PHP-Parser extensions for PHPStan",
            "time": "2020-01-01T17:36:12+00:00"
        },
        {
            "name": "phpstan/phpstan-phpunit",
            "version": "0.12.6",
            "source": {
                "type": "git",
                "url": "https://github.com/phpstan/phpstan-phpunit.git",
                "reference": "26394996368b6d033d012547d3197f4e07e23021"
            },
            "dist": {
                "type": "zip",
                "url": "https://api.github.com/repos/phpstan/phpstan-phpunit/zipball/26394996368b6d033d012547d3197f4e07e23021",
                "reference": "26394996368b6d033d012547d3197f4e07e23021",
                "shasum": ""
            },
            "require": {
                "php": "~7.1",
                "phpstan/phpstan": "^0.12.4"
            },
            "conflict": {
                "phpunit/phpunit": "<7.0"
            },
            "require-dev": {
                "consistence/coding-standard": "^3.5",
                "dealerdirect/phpcodesniffer-composer-installer": "^0.4.4",
                "ergebnis/composer-normalize": "^2.0.2",
                "jakub-onderka/php-parallel-lint": "^1.0",
                "phing/phing": "^2.16.0",
                "phpstan/phpstan-strict-rules": "^0.12",
                "phpunit/phpunit": "^7.0",
                "satooshi/php-coveralls": "^1.0",
                "slevomat/coding-standard": "^4.7.2"
            },
            "type": "phpstan-extension",
            "extra": {
                "branch-alias": {
                    "dev-master": "0.12-dev"
                },
                "phpstan": {
                    "includes": [
                        "extension.neon",
                        "rules.neon"
                    ]
                }
            },
            "autoload": {
                "psr-4": {
                    "PHPStan\\": "src/"
                }
            },
            "notification-url": "https://packagist.org/downloads/",
            "license": [
                "MIT"
            ],
            "description": "PHPUnit extensions and rules for PHPStan",
            "time": "2020-01-10T12:07:21+00:00"
        },
        {
            "name": "phpstan/phpstan-strict-rules",
            "version": "0.12.2",
            "source": {
                "type": "git",
                "url": "https://github.com/phpstan/phpstan-strict-rules.git",
                "reference": "a670a59aff7cf96f75d21b974860ada10e25b2ee"
            },
            "dist": {
                "type": "zip",
                "url": "https://api.github.com/repos/phpstan/phpstan-strict-rules/zipball/a670a59aff7cf96f75d21b974860ada10e25b2ee",
                "reference": "a670a59aff7cf96f75d21b974860ada10e25b2ee",
                "shasum": ""
            },
            "require": {
                "php": "~7.1",
                "phpstan/phpstan": "^0.12.6"
            },
            "require-dev": {
                "consistence/coding-standard": "^3.0.1",
                "dealerdirect/phpcodesniffer-composer-installer": "^0.4.4",
                "ergebnis/composer-normalize": "^2.0.2",
                "jakub-onderka/php-parallel-lint": "^1.0",
                "phing/phing": "^2.16.0",
                "phpstan/phpstan-phpunit": "^0.12",
                "phpunit/phpunit": "^7.0",
                "slevomat/coding-standard": "^4.5.2"
            },
            "type": "phpstan-extension",
            "extra": {
                "branch-alias": {
                    "dev-master": "0.12-dev"
                },
                "phpstan": {
                    "includes": [
                        "rules.neon"
                    ]
                }
            },
            "autoload": {
                "psr-4": {
                    "PHPStan\\": "src/"
                }
            },
            "notification-url": "https://packagist.org/downloads/",
            "license": [
                "MIT"
            ],
            "description": "Extra strict and opinionated rules for PHPStan",
            "time": "2020-01-20T13:08:52+00:00"
        },
        {
            "name": "thecodingmachine/phpstan-safe-rule",
            "version": "v1.0.0",
            "source": {
                "type": "git",
                "url": "https://github.com/thecodingmachine/phpstan-safe-rule.git",
                "reference": "ba333eb573167371309c8ae8fdab932991925e96"
            },
            "dist": {
                "type": "zip",
                "url": "https://api.github.com/repos/thecodingmachine/phpstan-safe-rule/zipball/ba333eb573167371309c8ae8fdab932991925e96",
                "reference": "ba333eb573167371309c8ae8fdab932991925e96",
                "shasum": ""
            },
            "require": {
                "php": "^7.1",
                "phpstan/phpstan": "^0.10 | ^0.11 | ^0.12",
                "thecodingmachine/safe": "^1.0"
            },
            "require-dev": {
                "php-coveralls/php-coveralls": "^2.1",
                "phpunit/phpunit": "^7.5.2",
                "squizlabs/php_codesniffer": "^3.4"
            },
            "type": "phpstan-extension",
            "extra": {
                "branch-alias": {
                    "dev-master": "1.0-dev"
                },
                "phpstan": {
                    "includes": [
                        "phpstan-safe-rule.neon"
                    ]
                }
            },
            "autoload": {
                "psr-4": {
                    "TheCodingMachine\\Safe\\PHPStan\\": "src/"
                }
            },
            "notification-url": "https://packagist.org/downloads/",
            "license": [
                "MIT"
            ],
            "authors": [
                {
                    "name": "David Négrier",
                    "email": "d.negrier@thecodingmachine.com"
                }
            ],
            "description": "A PHPStan rule to detect safety issues. Must be used in conjunction with thecodingmachine/safe",
            "time": "2020-01-02T14:59:39+00:00"
        },
        {
            "name": "thecodingmachine/phpstan-strict-rules",
            "version": "v0.12.0",
            "source": {
                "type": "git",
                "url": "https://github.com/thecodingmachine/phpstan-strict-rules.git",
                "reference": "8c58cc87dc870382b228c95c4f1cc9fc871aaf28"
            },
            "dist": {
                "type": "zip",
                "url": "https://api.github.com/repos/thecodingmachine/phpstan-strict-rules/zipball/8c58cc87dc870382b228c95c4f1cc9fc871aaf28",
                "reference": "8c58cc87dc870382b228c95c4f1cc9fc871aaf28",
                "shasum": ""
            },
            "require": {
                "php": "^7.1",
                "phpstan/phpstan": "^0.12"
            },
            "require-dev": {
                "php-coveralls/php-coveralls": "^2.1",
                "phpunit/phpunit": "^7.1"
            },
            "type": "phpstan-extension",
            "extra": {
                "branch-alias": {
                    "dev-master": "0.12-dev"
                },
                "phpstan": {
                    "includes": [
                        "phpstan-strict-rules.neon"
                    ]
                }
            },
            "autoload": {
                "psr-4": {
                    "TheCodingMachine\\PHPStan\\": "src/"
                }
            },
            "notification-url": "https://packagist.org/downloads/",
            "license": [
                "MIT"
            ],
            "authors": [
                {
                    "name": "David Négrier",
                    "email": "d.negrier@thecodingmachine.com"
                }
            ],
            "description": "A set of additional rules for PHPStan based on best practices followed at TheCodingMachine",
            "time": "2019-12-04T11:25:22+00:00"
        },
        {
            "name": "thecodingmachine/safe",
            "version": "v1.0.0",
            "source": {
                "type": "git",
                "url": "https://github.com/thecodingmachine/safe.git",
                "reference": "25c39690b0e3f976c7177884a1f4980b29096711"
            },
            "dist": {
                "type": "zip",
                "url": "https://api.github.com/repos/thecodingmachine/safe/zipball/25c39690b0e3f976c7177884a1f4980b29096711",
                "reference": "25c39690b0e3f976c7177884a1f4980b29096711",
                "shasum": ""
            },
            "require": {
                "php": ">=7.2"
            },
            "require-dev": {
                "phpstan/phpstan": "^0.12",
                "squizlabs/php_codesniffer": "^3.2",
                "thecodingmachine/phpstan-strict-rules": "^0.12"
            },
            "type": "library",
            "extra": {
                "branch-alias": {
                    "dev-master": "0.1-dev"
                }
            },
            "autoload": {
                "psr-4": {
                    "Safe\\": [
                        "lib/",
                        "generated/"
                    ]
                },
                "files": [
                    "generated/apache.php",
                    "generated/apc.php",
                    "generated/apcu.php",
                    "generated/array.php",
                    "generated/bzip2.php",
                    "generated/classobj.php",
                    "generated/com.php",
                    "generated/cubrid.php",
                    "generated/curl.php",
                    "generated/datetime.php",
                    "generated/dir.php",
                    "generated/eio.php",
                    "generated/errorfunc.php",
                    "generated/exec.php",
                    "generated/fileinfo.php",
                    "generated/filesystem.php",
                    "generated/filter.php",
                    "generated/fpm.php",
                    "generated/ftp.php",
                    "generated/funchand.php",
                    "generated/gmp.php",
                    "generated/gnupg.php",
                    "generated/hash.php",
                    "generated/ibase.php",
                    "generated/ibmDb2.php",
                    "generated/iconv.php",
                    "generated/image.php",
                    "generated/imap.php",
                    "generated/info.php",
                    "generated/ingres-ii.php",
                    "generated/inotify.php",
                    "generated/json.php",
                    "generated/ldap.php",
                    "generated/libevent.php",
                    "generated/libxml.php",
                    "generated/lzf.php",
                    "generated/mailparse.php",
                    "generated/mbstring.php",
                    "generated/misc.php",
                    "generated/msql.php",
                    "generated/mssql.php",
                    "generated/mysql.php",
                    "generated/mysqli.php",
                    "generated/mysqlndMs.php",
                    "generated/mysqlndQc.php",
                    "generated/network.php",
                    "generated/oci8.php",
                    "generated/opcache.php",
                    "generated/openssl.php",
                    "generated/outcontrol.php",
                    "generated/password.php",
                    "generated/pcntl.php",
                    "generated/pcre.php",
                    "generated/pdf.php",
                    "generated/pgsql.php",
                    "generated/posix.php",
                    "generated/ps.php",
                    "generated/pspell.php",
                    "generated/readline.php",
                    "generated/rrd.php",
                    "generated/sem.php",
                    "generated/session.php",
                    "generated/shmop.php",
                    "generated/simplexml.php",
                    "generated/sockets.php",
                    "generated/sodium.php",
                    "generated/solr.php",
                    "generated/spl.php",
                    "generated/sqlsrv.php",
                    "generated/ssdeep.php",
                    "generated/ssh2.php",
                    "generated/stats.php",
                    "generated/stream.php",
                    "generated/strings.php",
                    "generated/swoole.php",
                    "generated/uodbc.php",
                    "generated/uopz.php",
                    "generated/url.php",
                    "generated/var.php",
                    "generated/xdiff.php",
                    "generated/xml.php",
                    "generated/xmlrpc.php",
                    "generated/yaml.php",
                    "generated/yaz.php",
                    "generated/zip.php",
                    "generated/zlib.php",
                    "lib/special_cases.php"
                ]
            },
            "notification-url": "https://packagist.org/downloads/",
            "license": [
                "MIT"
            ],
            "description": "PHP core functions that throw exceptions instead of returning FALSE on error",
            "time": "2019-12-19T09:25:25+00:00"
        }
    ],
    "packages-dev": [],
    "aliases": [],
    "minimum-stability": "stable",
    "stability-flags": [],
    "prefer-stable": false,
    "prefer-lowest": false,
    "platform": [],
    "platform-dev": []
}
